<?xml version="1.0" encoding="utf-8"?>
<Project ToolsVersion="4.0" xmlns="http://schemas.microsoft.com/developer/msbuild/2003">
  <ItemGroup>
    <Filter Include="源文件">
      <UniqueIdentifier>{4FC737F1-C7A5-4376-A066-2A32D752A2FF}</UniqueIdentifier>
      <Extensions>cpp;c;cc;cxx;def;odl;idl;hpj;bat;asm;asmx</Extensions>
    </Filter>
    <Filter Include="头文件">
      <UniqueIdentifier>{93995380-89BD-4b04-88EB-625FBE52EBFB}</UniqueIdentifier>
      <Extensions>h;hh;hpp;hxx;hm;inl;inc;ipp;xsd</Extensions>
    </Filter>
    <Filter Include="资源文件">
      <UniqueIdentifier>{67DA6AB6-F800-4c08-8B7A-83BB121AAD01}</UniqueIdentifier>
      <Extensions>rc;ico;cur;bmp;dlg;rc2;rct;bin;rgs;gif;jpg;jpeg;jpe;resx;tiff;tif;png;wav;mfcribbon-ms</Extensions>
    </Filter>
    <Filter Include="Shaders">
      <UniqueIdentifier>{c16db318-3cfc-4e08-89d3-566b6e013ecf}</UniqueIdentifier>
    </Filter>
  </ItemGroup>
  <ItemGroup>
    <ClCompile Include="StencilTesting.cpp">
      <Filter>源文件</Filter>
    </ClCompile>
    <ClCompile Include="glad.c">
      <Filter>源文件</Filter>
    </ClCompile>
    <ClCompile Include="backup.cpp">
      <Filter>源文件</Filter>
    </ClCompile>
  </ItemGroup>
  <ItemGroup>
    <ClInclude Include="src\Shader.h">
      <Filter>头文件</Filter>
    </ClInclude>
  </ItemGroup>
  <ItemGroup>
    <None Include="Shaders\stencilTesting.vert">
      <Filter>Shaders</Filter>
    </None>
    <None Include="Shaders\stencilTesting.frag">
      <Filter>Shaders</Filter>
    </None>
    <None Include="Shaders\stencilTesting_color.vert">
      <Filter>Shaders</Filter>
    </None>
    <None Include="Shaders\stencilTesting_color.frag">
      <Filter>Shaders</Filter>
    </None>
  </ItemGroup>
  <ItemGroup>
    <Image Include="Resources\Textures\2.jpg">
      <Filter>资源文件</Filter>
    </Image>
    <Image Include="Resources\Textures\img.png">
      <Filter>资源文件</Filter>
    </Image>
    <Image Include="Resources\Textures\img2.png">
      <Filter>资源文件</Filter>
    </Image>
    <Image Include="Resources\Textures\logo.jpg">
      <Filter>资源文件</Filter>
    </Image>
    <Image Include="Resources\Textures\logo.png">
      <Filter>资源文件</Filter>
    </Image>
    <Image Include="Resources\Textures\metal.jpg">
      <Filter>资源文件</Filter>
    </Image>
  </ItemGroup>
</Project>